
Microsoft Visual Studio Solution File, Format Version 12.00
# Visual Studio 15
Project("{FAE04EC0-301F-11D3-BF4B-00C04F79EFBC}") = "TestingDbConn", "TestingDbConn.csproj", "{18DC8ADC-647F-4D92-9A84-9B6B004A2380}"
EndProject
Global
	GlobalSection(SolutionConfigurationPlatforms) = preSolution
		Debug|x86 = Debug|x86
		Release|x86 = Release|x86
	EndGlobalSection
	GlobalSection(ProjectConfigurationPlatforms) = postSolution
		{18DC8ADC-647F-4D92-9A84-9B6B004A2380}.Debug|x86.ActiveCfg = Debug|x86
		{18DC8ADC-647F-4D92-9A84-9B6B004A2380}.Debug|x86.Build.0 = Debug|x86
		{18DC8ADC-647F-4D92-9A84-9B6B004A2380}.Release|x86.ActiveCfg = Release|x86
		{18DC8ADC-647F-4D92-9A84-9B6B004A2380}.Release|x86.Build.0 = Release|x86
	EndGlobalSection
EndGlobal
